
Microsoft Visual Studio Solution File, Format Version 12.00
# Visual Studio 15
VisualStudioVersion = 15.0.27703.2026
MinimumVisualStudioVersion = 10.0.40219.1
Project("{FAE04EC0-301F-11D3-BF4B-00C04F79EFBC}") = "School", "School\School.csproj", "{B6774B94-924C-4DB5-AEE3-435E56ACE704}"
EndProject
Global
	GlobalSection(SolutionConfigurationPlatforms) = preSolution
		Debug|Any CPU = Debug|Any CPU
		Release|Any CPU = Release|Any CPU
	EndGlobalSection
	GlobalSection(ProjectConfigurationPlatforms) = postSolution
		{B6774B94-924C-4DB5-AEE3-435E56ACE704}.Debug|Any CPU.ActiveCfg = Debug|Any CPU
		{B6774B94-924C-4DB5-AEE3-435E56ACE704}.Debug|Any CPU.Build.0 = Debug|Any CPU
		{B6774B94-924C-4DB5-AEE3-435E56ACE704}.Release|Any CPU.ActiveCfg = Release|Any CPU
		{B6774B94-924C-4DB5-AEE3-435E56ACE704}.Release|Any CPU.Build.0 = Release|Any CPU
	EndGlobalSection
	GlobalSection(SolutionProperties) = preSolution
		HideSolutionNode = FALSE
	EndGlobalSection
	GlobalSection(ExtensibilityGlobals) = postSolution
		SolutionGuid = {8D93D8D3-4286-48CD-BF24-1673D28C414B}
	EndGlobalSection
EndGlobal
